
Microsoft Visual Studio Solution File, Format Version 12.00
# Visual Studio Version 16
VisualStudioVersion = 16.0.29318.209
MinimumVisualStudioVersion = 10.0.40219.1
Project("{FAE04EC0-301F-11D3-BF4B-00C04F79EFBC}") = "ClassWork", "ClassWork\ClassWork.csproj", "{C5A61ED0-FAA8-4043-9ECF-D9E2C0A1C91B}"
EndProject
Global
	GlobalSection(SolutionConfigurationPlatforms) = preSolution
		Debug|Any CPU = Debug|Any CPU
		Release|Any CPU = Release|Any CPU
	EndGlobalSection
	GlobalSection(ProjectConfigurationPlatforms) = postSolution
		{C5A61ED0-FAA8-4043-9ECF-D9E2C0A1C91B}.Debug|Any CPU.ActiveCfg = Debug|Any CPU
		{C5A61ED0-FAA8-4043-9ECF-D9E2C0A1C91B}.Debug|Any CPU.Build.0 = Debug|Any CPU
		{C5A61ED0-FAA8-4043-9ECF-D9E2C0A1C91B}.Release|Any CPU.ActiveCfg = Release|Any CPU
		{C5A61ED0-FAA8-4043-9ECF-D9E2C0A1C91B}.Release|Any CPU.Build.0 = Release|Any CPU
	EndGlobalSection
	GlobalSection(SolutionProperties) = preSolution
		HideSolutionNode = FALSE
	EndGlobalSection
	GlobalSection(ExtensibilityGlobals) = postSolution
		SolutionGuid = {7120B7FF-1792-4583-8217-70EB4CCD0147}
	EndGlobalSection
EndGlobal
